
Microsoft Visual Studio Solution File, Format Version 12.00
# Visual Studio Version 17
VisualStudioVersion = 17.14.37216.2 d17.14
MinimumVisualStudioVersion = 10.0.40219.1
Project("{FAE04EC0-301F-11D3-BF4B-00C04F79EFBC}") = "Backend", "Backend\Backend.csproj", "{D4559205-BB31-4AF8-8175-4C48DC9FFA8D}"
EndProject
Global
	GlobalSection(SolutionConfigurationPlatforms) = preSolution
		Debug|Any CPU = Debug|Any CPU
		Release|Any CPU = Release|Any CPU
	EndGlobalSection
	GlobalSection(ProjectConfigurationPlatforms) = postSolution
		{D4559205-BB31-4AF8-8175-4C48DC9FFA8D}.Debug|Any CPU.ActiveCfg = Debug|Any CPU
		{D4559205-BB31-4AF8-8175-4C48DC9FFA8D}.Debug|Any CPU.Build.0 = Debug|Any CPU
		{D4559205-BB31-4AF8-8175-4C48DC9FFA8D}.Release|Any CPU.ActiveCfg = Release|Any CPU
		{D4559205-BB31-4AF8-8175-4C48DC9FFA8D}.Release|Any CPU.Build.0 = Release|Any CPU
	EndGlobalSection
	GlobalSection(SolutionProperties) = preSolution
		HideSolutionNode = FALSE
	EndGlobalSection
	GlobalSection(ExtensibilityGlobals) = postSolution
		SolutionGuid = {BC0CF7F5-A249-4ABB-AD86-AF30FF37A27C}
	EndGlobalSection
EndGlobal
